
Microsoft Visual Studio Solution File, Format Version 12.00
# Visual Studio 15
VisualStudioVersion = 15.0.26228.12
MinimumVisualStudioVersion = 10.0.40219.1
Project("{2150E333-8FDC-42A3-9474-1A3956D46DE8}") = "Data", "Data", "{252CB8CB-6254-4E54-9598-51A991D7131E}"
EndProject
Project("{FAE04EC0-301F-11D3-BF4B-00C04F79EFBC}") = "Baner.Recepcion.DataInterfaces", "Baner.Recepcion\Baner.Recepcion.DataInterfaces\Baner.Recepcion.DataInterfaces.csproj", "{D5A4115B-3799-4896-85DB-4E71D45B61CA}"
EndProject
Project("{FAE04EC0-301F-11D3-BF4B-00C04F79EFBC}") = "Baner.Recepcion.DataLayer", "Baner.Recepcion\Baner.Recepcion.DataLayer\Baner.Recepcion.DataLayer.csproj", "{3770F2DA-E99A-4F1F-8134-49AB49215BF0}"
EndProject
Project("{2150E333-8FDC-42A3-9474-1A3956D46DE8}") = "Business", "Business", "{64FB63BE-2450-4BE7-A94C-7198DEECEC11}"
EndProject
Project("{FAE04EC0-301F-11D3-BF4B-00C04F79EFBC}") = "Baner.Recepcion.BusinessLayer", "Baner.Recepcion\Baner.Recepcion.BusinessLayer\Baner.Recepcion.BusinessLayer.csproj", "{48C22F59-B8A6-4931-A1F3-5C05EC131B31}"
EndProject
Project("{FAE04EC0-301F-11D3-BF4B-00C04F79EFBC}") = "Baner.Recepcion.BusinessInterfaces", "Baner.Recepcion\Baner.Recepcion.BusinessInterfaces\Baner.Recepcion.BusinessInterfaces.csproj", "{E8FEA42E-806B-4F64-B4FF-3F6A162059DE}"
EndProject
Project("{2150E333-8FDC-42A3-9474-1A3956D46DE8}") = "Cross", "Cross", "{F55D587D-2124-47BB-A5BC-82324CA9792D}"
EndProject
Project("{FAE04EC0-301F-11D3-BF4B-00C04F79EFBC}") = "Baner.Recepcion.BusinessTypes", "Baner.Recepcion\Baner.Recepcion.BusinessTypes\Baner.Recepcion.BusinessTypes.csproj", "{AABC3F74-3EDE-4543-BB8A-27B2023FE5DA}"
EndProject
Project("{FAE04EC0-301F-11D3-BF4B-00C04F79EFBC}") = "Baner.Recepcion.OperationalManagement", "Baner.Recepcion\Baner.Recepcion.OperationalManagement\Baner.Recepcion.OperationalManagement.csproj", "{B05790CD-C40B-4316-8A13-1EB7DAD5BF3B}"
EndProject
Project("{2150E333-8FDC-42A3-9474-1A3956D46DE8}") = "Testing", "Testing", "{67284E9C-760B-4E9C-B832-A8D8E9FF2985}"
EndProject
Project("{2150E333-8FDC-42A3-9474-1A3956D46DE8}") = "Services", "Services", "{AB40A432-D877-4E5D-9280-436D1A4864C2}"
EndProject
Project("{FAE04EC0-301F-11D3-BF4B-00C04F79EFBC}") = "Banner.Recepcion.WebApiTesting", "Baner.Recepcion\Banner.Recepcion.WebApiTesting\Banner.Recepcion.WebApiTesting.csproj", "{AA6F77B7-5C6D-4437-8ECF-151E4D16C6E1}"
EndProject
Project("{FAE04EC0-301F-11D3-BF4B-00C04F79EFBC}") = "Baner.Recepcion.Services", "Baner.Recepcion\Baner.Recepcion.Services\Baner.Recepcion.Services.csproj", "{2E1EF83A-C814-45B6-A4A1-1C2105336BD3}"
EndProject
Project("{FAE04EC0-301F-11D3-BF4B-00C04F79EFBC}") = "Banner.Recepcion.CRMTypes", "Banner.Recepcion.CRMTypes\Banner.Recepcion.CRMTypes.csproj", "{77866C3B-7574-4B74-A657-4BD49CF99997}"
EndProject
Project("{2150E333-8FDC-42A3-9474-1A3956D46DE8}") = "UWebTest", "UWebTest", "{CDD6591B-3BE3-437A-8C8A-128902010B20}"
EndProject
Project("{FAE04EC0-301F-11D3-BF4B-00C04F79EFBC}") = "AplicationWebTest", "AplicationWebTest\AplicationWebTest.csproj", "{FAB248EB-E27C-44E5-941F-C59BBF611B7F}"
EndProject
Project("{2150E333-8FDC-42A3-9474-1A3956D46DE8}") = "DLL", "DLL", "{8B6EEE9C-90F6-42EE-90F4-6C1D00F8931D}"
	ProjectSection(SolutionItems) = preProject
		..\BBPConector\bin\Debug\BBPConector.dll = ..\BBPConector\bin\Debug\BBPConector.dll
	EndProjectSection
EndProject
Global
	GlobalSection(SolutionConfigurationPlatforms) = preSolution
		Debug|Any CPU = Debug|Any CPU
		Desarrollo|Any CPU = Desarrollo|Any CPU
		Release|Any CPU = Release|Any CPU
	EndGlobalSection
	GlobalSection(ProjectConfigurationPlatforms) = postSolution
		{D5A4115B-3799-4896-85DB-4E71D45B61CA}.Debug|Any CPU.ActiveCfg = Debug|Any CPU
		{D5A4115B-3799-4896-85DB-4E71D45B61CA}.Debug|Any CPU.Build.0 = Debug|Any CPU
		{D5A4115B-3799-4896-85DB-4E71D45B61CA}.Desarrollo|Any CPU.ActiveCfg = Desarrollo|Any CPU
		{D5A4115B-3799-4896-85DB-4E71D45B61CA}.Desarrollo|Any CPU.Build.0 = Desarrollo|Any CPU
		{D5A4115B-3799-4896-85DB-4E71D45B61CA}.Release|Any CPU.ActiveCfg = Release|Any CPU
		{D5A4115B-3799-4896-85DB-4E71D45B61CA}.Release|Any CPU.Build.0 = Release|Any CPU
		{3770F2DA-E99A-4F1F-8134-49AB49215BF0}.Debug|Any CPU.ActiveCfg = Debug|Any CPU
		{3770F2DA-E99A-4F1F-8134-49AB49215BF0}.Debug|Any CPU.Build.0 = Debug|Any CPU
		{3770F2DA-E99A-4F1F-8134-49AB49215BF0}.Desarrollo|Any CPU.ActiveCfg = Desarrollo|Any CPU
		{3770F2DA-E99A-4F1F-8134-49AB49215BF0}.Desarrollo|Any CPU.Build.0 = Desarrollo|Any CPU
		{3770F2DA-E99A-4F1F-8134-49AB49215BF0}.Release|Any CPU.ActiveCfg = Release|Any CPU
		{3770F2DA-E99A-4F1F-8134-49AB49215BF0}.Release|Any CPU.Build.0 = Release|Any CPU
		{48C22F59-B8A6-4931-A1F3-5C05EC131B31}.Debug|Any CPU.ActiveCfg = Debug|Any CPU
		{48C22F59-B8A6-4931-A1F3-5C05EC131B31}.Debug|Any CPU.Build.0 = Debug|Any CPU
		{48C22F59-B8A6-4931-A1F3-5C05EC131B31}.Desarrollo|Any CPU.ActiveCfg = Desarrollo|Any CPU
		{48C22F59-B8A6-4931-A1F3-5C05EC131B31}.Desarrollo|Any CPU.Build.0 = Desarrollo|Any CPU
		{48C22F59-B8A6-4931-A1F3-5C05EC131B31}.Release|Any CPU.ActiveCfg = Release|Any CPU
		{48C22F59-B8A6-4931-A1F3-5C05EC131B31}.Release|Any CPU.Build.0 = Release|Any CPU
		{E8FEA42E-806B-4F64-B4FF-3F6A162059DE}.Debug|Any CPU.ActiveCfg = Debug|Any CPU
		{E8FEA42E-806B-4F64-B4FF-3F6A162059DE}.Debug|Any CPU.Build.0 = Debug|Any CPU
		{E8FEA42E-806B-4F64-B4FF-3F6A162059DE}.Desarrollo|Any CPU.ActiveCfg = Desarrollo|Any CPU
		{E8FEA42E-806B-4F64-B4FF-3F6A162059DE}.Desarrollo|Any CPU.Build.0 = Desarrollo|Any CPU
		{E8FEA42E-806B-4F64-B4FF-3F6A162059DE}.Release|Any CPU.ActiveCfg = Release|Any CPU
		{E8FEA42E-806B-4F64-B4FF-3F6A162059DE}.Release|Any CPU.Build.0 = Release|Any CPU
		{AABC3F74-3EDE-4543-BB8A-27B2023FE5DA}.Debug|Any CPU.ActiveCfg = Debug|Any CPU
		{AABC3F74-3EDE-4543-BB8A-27B2023FE5DA}.Debug|Any CPU.Build.0 = Debug|Any CPU
		{AABC3F74-3EDE-4543-BB8A-27B2023FE5DA}.Desarrollo|Any CPU.ActiveCfg = Desarrollo|Any CPU
		{AABC3F74-3EDE-4543-BB8A-27B2023FE5DA}.Desarrollo|Any CPU.Build.0 = Desarrollo|Any CPU
		{AABC3F74-3EDE-4543-BB8A-27B2023FE5DA}.Release|Any CPU.ActiveCfg = Release|Any CPU
		{AABC3F74-3EDE-4543-BB8A-27B2023FE5DA}.Release|Any CPU.Build.0 = Release|Any CPU
		{B05790CD-C40B-4316-8A13-1EB7DAD5BF3B}.Debug|Any CPU.ActiveCfg = Debug|Any CPU
		{B05790CD-C40B-4316-8A13-1EB7DAD5BF3B}.Debug|Any CPU.Build.0 = Debug|Any CPU
		{B05790CD-C40B-4316-8A13-1EB7DAD5BF3B}.Desarrollo|Any CPU.ActiveCfg = Desarrollo|Any CPU
		{B05790CD-C40B-4316-8A13-1EB7DAD5BF3B}.Desarrollo|Any CPU.Build.0 = Desarrollo|Any CPU
		{B05790CD-C40B-4316-8A13-1EB7DAD5BF3B}.Release|Any CPU.ActiveCfg = Release|Any CPU
		{B05790CD-C40B-4316-8A13-1EB7DAD5BF3B}.Release|Any CPU.Build.0 = Release|Any CPU
		{AA6F77B7-5C6D-4437-8ECF-151E4D16C6E1}.Debug|Any CPU.ActiveCfg = Debug|Any CPU
		{AA6F77B7-5C6D-4437-8ECF-151E4D16C6E1}.Debug|Any CPU.Build.0 = Debug|Any CPU
		{AA6F77B7-5C6D-4437-8ECF-151E4D16C6E1}.Desarrollo|Any CPU.ActiveCfg = Desarrollo|Any CPU
		{AA6F77B7-5C6D-4437-8ECF-151E4D16C6E1}.Desarrollo|Any CPU.Build.0 = Desarrollo|Any CPU
		{AA6F77B7-5C6D-4437-8ECF-151E4D16C6E1}.Release|Any CPU.ActiveCfg = Release|Any CPU
		{AA6F77B7-5C6D-4437-8ECF-151E4D16C6E1}.Release|Any CPU.Build.0 = Release|Any CPU
		{2E1EF83A-C814-45B6-A4A1-1C2105336BD3}.Debug|Any CPU.ActiveCfg = Debug|Any CPU
		{2E1EF83A-C814-45B6-A4A1-1C2105336BD3}.Debug|Any CPU.Build.0 = Debug|Any CPU
		{2E1EF83A-C814-45B6-A4A1-1C2105336BD3}.Desarrollo|Any CPU.ActiveCfg = Desarrollo|Any CPU
		{2E1EF83A-C814-45B6-A4A1-1C2105336BD3}.Desarrollo|Any CPU.Build.0 = Desarrollo|Any CPU
		{2E1EF83A-C814-45B6-A4A1-1C2105336BD3}.Release|Any CPU.ActiveCfg = Release|Any CPU
		{2E1EF83A-C814-45B6-A4A1-1C2105336BD3}.Release|Any CPU.Build.0 = Release|Any CPU
		{77866C3B-7574-4B74-A657-4BD49CF99997}.Debug|Any CPU.ActiveCfg = Debug|Any CPU
		{77866C3B-7574-4B74-A657-4BD49CF99997}.Debug|Any CPU.Build.0 = Debug|Any CPU
		{77866C3B-7574-4B74-A657-4BD49CF99997}.Desarrollo|Any CPU.ActiveCfg = Desarrollo|Any CPU
		{77866C3B-7574-4B74-A657-4BD49CF99997}.Desarrollo|Any CPU.Build.0 = Desarrollo|Any CPU
		{77866C3B-7574-4B74-A657-4BD49CF99997}.Release|Any CPU.ActiveCfg = Release|Any CPU
		{77866C3B-7574-4B74-A657-4BD49CF99997}.Release|Any CPU.Build.0 = Release|Any CPU
		{FAB248EB-E27C-44E5-941F-C59BBF611B7F}.Debug|Any CPU.ActiveCfg = Debug|Any CPU
		{FAB248EB-E27C-44E5-941F-C59BBF611B7F}.Debug|Any CPU.Build.0 = Debug|Any CPU
		{FAB248EB-E27C-44E5-941F-C59BBF611B7F}.Desarrollo|Any CPU.ActiveCfg = Debug|Any CPU
		{FAB248EB-E27C-44E5-941F-C59BBF611B7F}.Desarrollo|Any CPU.Build.0 = Debug|Any CPU
		{FAB248EB-E27C-44E5-941F-C59BBF611B7F}.Release|Any CPU.ActiveCfg = Release|Any CPU
		{FAB248EB-E27C-44E5-941F-C59BBF611B7F}.Release|Any CPU.Build.0 = Release|Any CPU
	EndGlobalSection
	GlobalSection(SolutionProperties) = preSolution
		HideSolutionNode = FALSE
	EndGlobalSection
	GlobalSection(NestedProjects) = preSolution
		{252CB8CB-6254-4E54-9598-51A991D7131E} = {F55D587D-2124-47BB-A5BC-82324CA9792D}
		{D5A4115B-3799-4896-85DB-4E71D45B61CA} = {252CB8CB-6254-4E54-9598-51A991D7131E}
		{3770F2DA-E99A-4F1F-8134-49AB49215BF0} = {252CB8CB-6254-4E54-9598-51A991D7131E}
		{48C22F59-B8A6-4931-A1F3-5C05EC131B31} = {64FB63BE-2450-4BE7-A94C-7198DEECEC11}
		{E8FEA42E-806B-4F64-B4FF-3F6A162059DE} = {64FB63BE-2450-4BE7-A94C-7198DEECEC11}
		{AABC3F74-3EDE-4543-BB8A-27B2023FE5DA} = {F55D587D-2124-47BB-A5BC-82324CA9792D}
		{B05790CD-C40B-4316-8A13-1EB7DAD5BF3B} = {F55D587D-2124-47BB-A5BC-82324CA9792D}
		{AA6F77B7-5C6D-4437-8ECF-151E4D16C6E1} = {67284E9C-760B-4E9C-B832-A8D8E9FF2985}
		{2E1EF83A-C814-45B6-A4A1-1C2105336BD3} = {AB40A432-D877-4E5D-9280-436D1A4864C2}
		{77866C3B-7574-4B74-A657-4BD49CF99997} = {F55D587D-2124-47BB-A5BC-82324CA9792D}
		{FAB248EB-E27C-44E5-941F-C59BBF611B7F} = {CDD6591B-3BE3-437A-8C8A-128902010B20}
	EndGlobalSection
	GlobalSection(TeamFoundationVersionControl) = preSolution
		SccNumberOfProjects = 11
		SccEnterpriseProvider = {4CA58AB2-18FA-4F8D-95D4-32DDF27D184C}
		SccTeamFoundationServer = http://tfs.bbponlineservices.com:8080/tfs/crmanahuac
		SccLocalPath0 = .
		SccProjectUniqueName1 = Baner.Recepcion\\Baner.Recepcion.BusinessTypes\\Baner.Recepcion.BusinessTypes.csproj
		SccProjectTopLevelParentUniqueName1 = Baner.Recepcion.sln
		SccProjectName1 = Baner.Recepcion/Baner.Recepcion.BusinessTypes
		SccLocalPath1 = Baner.Recepcion\\Baner.Recepcion.BusinessTypes
		SccProjectUniqueName2 = Baner.Recepcion\\Baner.Recepcion.DataInterfaces\\Baner.Recepcion.DataInterfaces.csproj
		SccProjectTopLevelParentUniqueName2 = Baner.Recepcion.sln
		SccProjectName2 = Baner.Recepcion/Baner.Recepcion.DataInterfaces
		SccLocalPath2 = Baner.Recepcion\\Baner.Recepcion.DataInterfaces
		SccProjectUniqueName3 = Banner.Recepcion.CRMTypes\\Banner.Recepcion.CRMTypes.csproj
		SccProjectTopLevelParentUniqueName3 = Baner.Recepcion.sln
		SccProjectName3 = Banner.Recepcion.CRMTypes
		SccLocalPath3 = Banner.Recepcion.CRMTypes
		SccProjectUniqueName4 = Baner.Recepcion\\Baner.Recepcion.OperationalManagement\\Baner.Recepcion.OperationalManagement.csproj
		SccProjectTopLevelParentUniqueName4 = Baner.Recepcion.sln
		SccProjectName4 = Baner.Recepcion/Baner.Recepcion.OperationalManagement
		SccLocalPath4 = Baner.Recepcion\\Baner.Recepcion.OperationalManagement
		SccProjectUniqueName5 = Baner.Recepcion\\Baner.Recepcion.DataLayer\\Baner.Recepcion.DataLayer.csproj
		SccProjectTopLevelParentUniqueName5 = Baner.Recepcion.sln
		SccProjectName5 = Baner.Recepcion/Baner.Recepcion.DataLayer
		SccLocalPath5 = Baner.Recepcion\\Baner.Recepcion.DataLayer
		SccProjectUniqueName6 = Baner.Recepcion\\Baner.Recepcion.BusinessInterfaces\\Baner.Recepcion.BusinessInterfaces.csproj
		SccProjectTopLevelParentUniqueName6 = Baner.Recepcion.sln
		SccProjectName6 = Baner.Recepcion/Baner.Recepcion.BusinessInterfaces
		SccLocalPath6 = Baner.Recepcion\\Baner.Recepcion.BusinessInterfaces
		SccProjectUniqueName7 = Baner.Recepcion\\Baner.Recepcion.BusinessLayer\\Baner.Recepcion.BusinessLayer.csproj
		SccProjectTopLevelParentUniqueName7 = Baner.Recepcion.sln
		SccProjectName7 = Baner.Recepcion/Baner.Recepcion.BusinessLayer
		SccLocalPath7 = Baner.Recepcion\\Baner.Recepcion.BusinessLayer
		SccProjectUniqueName8 = Baner.Recepcion\\Baner.Recepcion.Services\\Baner.Recepcion.Services.csproj
		SccProjectTopLevelParentUniqueName8 = Baner.Recepcion.sln
		SccProjectName8 = Baner.Recepcion/Baner.Recepcion.Services
		SccLocalPath8 = Baner.Recepcion\\Baner.Recepcion.Services
		SccProjectUniqueName9 = Baner.Recepcion\\Banner.Recepcion.WebApiTesting\\Banner.Recepcion.WebApiTesting.csproj
		SccProjectTopLevelParentUniqueName9 = Baner.Recepcion.sln
		SccProjectName9 = Baner.Recepcion/Banner.Recepcion.WebApiTesting
		SccLocalPath9 = Baner.Recepcion\\Banner.Recepcion.WebApiTesting
		SccProjectUniqueName10 = AplicationWebTest\\AplicationWebTest.csproj
		SccProjectTopLevelParentUniqueName10 = Baner.Recepcion.sln
		SccProjectName10 = AplicationWebTest
		SccLocalPath10 = AplicationWebTest
	EndGlobalSection
EndGlobal
